
Microsoft Visual Studio Solution File, Format Version 12.00
# Visual Studio Version 16
VisualStudioVersion = 16.0.32407.337
MinimumVisualStudioVersion = 10.0.40219.1
Project("{FAE04EC0-301F-11D3-BF4B-00C04F79EFBC}") = "2001202045_VuNgoDat_SM24_BTVN_Buoi_11", "2001202045_VuNgoDat_SM24_BTVN_Buoi_11\2001202045_VuNgoDat_SM24_BTVN_Buoi_11.csproj", "{616B586E-7474-43E3-88C4-9CF8D6047B26}"
EndProject
Global
	GlobalSection(SolutionConfigurationPlatforms) = preSolution
		Debug|Any CPU = Debug|Any CPU
		Release|Any CPU = Release|Any CPU
	EndGlobalSection
	GlobalSection(ProjectConfigurationPlatforms) = postSolution
		{616B586E-7474-43E3-88C4-9CF8D6047B26}.Debug|Any CPU.ActiveCfg = Debug|Any CPU
		{616B586E-7474-43E3-88C4-9CF8D6047B26}.Debug|Any CPU.Build.0 = Debug|Any CPU
		{616B586E-7474-43E3-88C4-9CF8D6047B26}.Release|Any CPU.ActiveCfg = Release|Any CPU
		{616B586E-7474-43E3-88C4-9CF8D6047B26}.Release|Any CPU.Build.0 = Release|Any CPU
	EndGlobalSection
	GlobalSection(SolutionProperties) = preSolution
		HideSolutionNode = FALSE
	EndGlobalSection
	GlobalSection(ExtensibilityGlobals) = postSolution
		SolutionGuid = {FD2B2738-BBDA-402B-B4D5-DA0B0CA17605}
	EndGlobalSection
EndGlobal
